{
  "name": "webpack-dashboard-app",
  "version": "0.1.0-beta.5",
  "lockfileVersion": 1,
  "requires": true,
  "dependencies": {
    "clone": {
      "version": "2.1.1",
      "resolved": "https://registry.npmjs.org/clone/-/clone-2.1.1.tgz",
      "integrity": "sha1-0hfR6WERjjrJpLi7oyhVU79kfNs="
    },
    "electron-settings": {
      "version": "3.1.2",
      "resolved": "https://registry.npmjs.org/electron-settings/-/electron-settings-3.1.2.tgz",
      "integrity": "sha512-QD1wfjRUAk4j4uLRsOxx+oTNeXoNasjHFkx7vwRsAt5ZvHJAgbz0fhY5Ixmjps7wFtPfvqIbslAmW3WO8GJenA==",
      "requires": {
        "clone": "2.1.1",
        "jsonfile": "4.0.0"
      }
    },
    "graceful-fs": {
      "version": "4.1.11",
      "resolved": "https://registry.npmjs.org/graceful-fs/-/graceful-fs-4.1.11.tgz",
      "integrity": "sha1-Dovf5NHduIVNZOBOp8AOKgJuVlg=",
      "optional": true
    },
    "jsonfile": {
      "version": "4.0.0",
      "resolved": "https://registry.npmjs.org/jsonfile/-/jsonfile-4.0.0.tgz",
      "integrity": "sha1-h3Gq4HmbZAdrdmQPygWPnBDjPss=",
      "requires": {
        "graceful-fs": "4.1.11"
      }
    }
  }
}
